
Microsoft Visual Studio Solution File, Format Version 12.00
# Visual Studio Version 16
VisualStudioVersion = 16.0.28922.388
MinimumVisualStudioVersion = 10.0.40219.1
Project("{FAE04EC0-301F-11D3-BF4B-00C04F79EFBC}") = "AzureGraphAuthApp", "WebApplication1\AzureGraphAuthApp.csproj", "{AE12F8B9-0CE3-413A-AF1B-59E70BB8B8AA}"
EndProject
Global
	GlobalSection(SolutionConfigurationPlatforms) = preSolution
		Debug|Any CPU = Debug|Any CPU
		Release|Any CPU = Release|Any CPU
	EndGlobalSection
	GlobalSection(ProjectConfigurationPlatforms) = postSolution
		{AE12F8B9-0CE3-413A-AF1B-59E70BB8B8AA}.Debug|Any CPU.ActiveCfg = Debug|Any CPU
		{AE12F8B9-0CE3-413A-AF1B-59E70BB8B8AA}.Debug|Any CPU.Build.0 = Debug|Any CPU
		{AE12F8B9-0CE3-413A-AF1B-59E70BB8B8AA}.Release|Any CPU.ActiveCfg = Release|Any CPU
		{AE12F8B9-0CE3-413A-AF1B-59E70BB8B8AA}.Release|Any CPU.Build.0 = Release|Any CPU
	EndGlobalSection
	GlobalSection(SolutionProperties) = preSolution
		HideSolutionNode = FALSE
	EndGlobalSection
	GlobalSection(ExtensibilityGlobals) = postSolution
		SolutionGuid = {66C8F787-6D26-4605-BE26-5BED4BC607B5}
	EndGlobalSection
EndGlobal
